# This file is automatically @generated by Cargo.
# It is not intended for manual editing.
version = 4

[[package]]
name = "projection"
version = "0.1.0"
dependencies = [
 "vm-core",
]

[[package]]
name = "vm-core"
version = "0.1.0"

[[package]]
name = "vm-runtime"
version = "0.1.0"
dependencies = [
 "vm-core",
]

[[package]]
name = "vm-worker"
version = "0.1.0"
dependencies = [
 "projection",
 "vm-core",
 "vm-runtime",
]
